{
    "_readme": [
        "This file locks the dependencies of your project to a known state",
        "Read more about it at https://getcomposer.org/doc/01-basic-usage.md#installing-dependencies",
        "This file is @generated automatically"
    ],
    "content-hash": "aff576015d8e97f8f89f31154c9371ef",
    "packages": [],
    "packages-dev": [
        {
            "name": "wiremock-php/wiremock-php",
            "version": "2.35.0",
            "source": {
                "type": "git",
                "url": "https://github.com/rowanhill/wiremock-php.git",
                "reference": "b241127f8baccf7f2870f7a9ee75bcd2f20236ad"
            },
            "dist": {
                "type": "zip",
                "url": "https://api.github.com/repos/rowanhill/wiremock-php/zipball/b241127f8baccf7f2870f7a9ee75bcd2f20236ad",
                "reference": "b241127f8baccf7f2870f7a9ee75bcd2f20236ad",
                "shasum": ""
            },
            "require": {
                "ext-curl": "*",
                "ext-json": "*",
                "php": ">=7.2"
            },
            "require-dev": {
                "hamcrest/hamcrest-php": "^2.0",
                "phake/phake": "^4.2",
                "phpdocumentor/reflection-docblock": "^5.3",
                "phpdocumentor/type-resolver": "^1.6",
                "phpunit/phpunit": "^8.5"
            },
            "suggest": {
                "phpunit/phpunit": "Thrown VerificationExceptions automatically fail tests"
            },
            "type": "library",
            "autoload": {
                "psr-0": {
                    "WireMock\\": "src"
                }
            },
            "notification-url": "https://packagist.org/downloads/",
            "license": [
                "MIT"
            ],
            "authors": [
                {
                    "name": "Rowan Hill"
                }
            ],
            "description": "PHP API for WireMock JSON interface",
            "homepage": "http://github.com/rowanhill/wiremock-php",
            "support": {
                "issues": "https://github.com/rowanhill/wiremock-php/issues",
                "source": "https://github.com/rowanhill/wiremock-php/tree/2.35.0"
            },
            "time": "2022-11-19T10:24:24+00:00"
        }
    ],
    "aliases": [],
    "minimum-stability": "stable",
    "stability-flags": [],
    "prefer-stable": false,
    "prefer-lowest": false,
    "platform": [],
    "platform-dev": [],
    "plugin-api-version": "2.3.0"
}
